
Microsoft Visual Studio Solution File, Format Version 12.00
# Visual Studio Version 17
VisualStudioVersion = 17.0.31903.59
MinimumVisualStudioVersion = 10.0.40219.1
Project("{2150E333-8FDC-42A3-9474-1A3956D46DE8}") = "src", "src", "{D2739BE8-ED05-4DC1-A275-E7A92ABE3DA5}"
EndProject
Project("{FAE04EC0-301F-11D3-BF4B-00C04F79EFBC}") = "Kapinda.Vendor.Core", "src\Kapinda.Vendor.Core\Kapinda.Vendor.Core.csproj", "{4CEFE797-E93C-4772-A758-693BA3A141BC}"
EndProject
Project("{FAE04EC0-301F-11D3-BF4B-00C04F79EFBC}") = "Kapinda.Vendor.App", "src\Kapinda.Vendor.App\Kapinda.Vendor.App.csproj", "{680C7F3B-A057-4783-B384-3788C74112E4}"
EndProject
Project("{2150E333-8FDC-42A3-9474-1A3956D46DE8}") = "tests", "tests", "{8D3C50D0-9091-4C9A-A468-F23B7C7A1105}"
EndProject
Project("{FAE04EC0-301F-11D3-BF4B-00C04F79EFBC}") = "Kapinda.Vendor.Core.Tests", "tests\Kapinda.Vendor.Core.Tests\Kapinda.Vendor.Core.Tests.csproj", "{3DDFFD2B-57B0-4854-8457-140B0D86B14C}"
EndProject
Global
	GlobalSection(SolutionConfigurationPlatforms) = preSolution
		Debug|Any CPU = Debug|Any CPU
		Release|Any CPU = Release|Any CPU
	EndGlobalSection
	GlobalSection(SolutionProperties) = preSolution
		HideSolutionNode = FALSE
	EndGlobalSection
	GlobalSection(ProjectConfigurationPlatforms) = postSolution
		{4CEFE797-E93C-4772-A758-693BA3A141BC}.Debug|Any CPU.ActiveCfg = Debug|Any CPU
		{4CEFE797-E93C-4772-A758-693BA3A141BC}.Debug|Any CPU.Build.0 = Debug|Any CPU
		{4CEFE797-E93C-4772-A758-693BA3A141BC}.Release|Any CPU.ActiveCfg = Release|Any CPU
		{4CEFE797-E93C-4772-A758-693BA3A141BC}.Release|Any CPU.Build.0 = Release|Any CPU
		{680C7F3B-A057-4783-B384-3788C74112E4}.Debug|Any CPU.ActiveCfg = Debug|Any CPU
		{680C7F3B-A057-4783-B384-3788C74112E4}.Debug|Any CPU.Build.0 = Debug|Any CPU
		{680C7F3B-A057-4783-B384-3788C74112E4}.Release|Any CPU.ActiveCfg = Release|Any CPU
		{680C7F3B-A057-4783-B384-3788C74112E4}.Release|Any CPU.Build.0 = Release|Any CPU
		{3DDFFD2B-57B0-4854-8457-140B0D86B14C}.Debug|Any CPU.ActiveCfg = Debug|Any CPU
		{3DDFFD2B-57B0-4854-8457-140B0D86B14C}.Debug|Any CPU.Build.0 = Debug|Any CPU
		{3DDFFD2B-57B0-4854-8457-140B0D86B14C}.Release|Any CPU.ActiveCfg = Release|Any CPU
		{3DDFFD2B-57B0-4854-8457-140B0D86B14C}.Release|Any CPU.Build.0 = Release|Any CPU
	EndGlobalSection
	GlobalSection(NestedProjects) = preSolution
		{4CEFE797-E93C-4772-A758-693BA3A141BC} = {D2739BE8-ED05-4DC1-A275-E7A92ABE3DA5}
		{680C7F3B-A057-4783-B384-3788C74112E4} = {D2739BE8-ED05-4DC1-A275-E7A92ABE3DA5}
		{3DDFFD2B-57B0-4854-8457-140B0D86B14C} = {8D3C50D0-9091-4C9A-A468-F23B7C7A1105}
	EndGlobalSection
EndGlobal
